
Microsoft Visual Studio Solution File, Format Version 12.00
# Visual Studio Version 16
VisualStudioVersion = 16.0.30503.244
MinimumVisualStudioVersion = 10.0.40219.1
Project("{FAE04EC0-301F-11D3-BF4B-00C04F79EFBC}") = "ForumView", "ForumView\ForumView.csproj", "{DC772483-8155-4D28-AF39-459DA91EE52A}"
EndProject
Project("{FAE04EC0-301F-11D3-BF4B-00C04F79EFBC}") = "ForumDatabaseImplement", "ForumDatabaseImplement\ForumDatabaseImplement.csproj", "{FAB0847E-6D45-40C4-B5C8-30C592162DC9}"
EndProject
Project("{FAE04EC0-301F-11D3-BF4B-00C04F79EFBC}") = "ForumBusinessLogic", "ForumBusinessLogic\ForumBusinessLogic.csproj", "{A412B54A-E5D4-49D4-ADA9-6DBEF0FAE635}"
EndProject
Global
	GlobalSection(SolutionConfigurationPlatforms) = preSolution
		Debug|Any CPU = Debug|Any CPU
		Release|Any CPU = Release|Any CPU
	EndGlobalSection
	GlobalSection(ProjectConfigurationPlatforms) = postSolution
		{DC772483-8155-4D28-AF39-459DA91EE52A}.Debug|Any CPU.ActiveCfg = Debug|Any CPU
		{DC772483-8155-4D28-AF39-459DA91EE52A}.Debug|Any CPU.Build.0 = Debug|Any CPU
		{DC772483-8155-4D28-AF39-459DA91EE52A}.Release|Any CPU.ActiveCfg = Release|Any CPU
		{DC772483-8155-4D28-AF39-459DA91EE52A}.Release|Any CPU.Build.0 = Release|Any CPU
		{FAB0847E-6D45-40C4-B5C8-30C592162DC9}.Debug|Any CPU.ActiveCfg = Debug|Any CPU
		{FAB0847E-6D45-40C4-B5C8-30C592162DC9}.Debug|Any CPU.Build.0 = Debug|Any CPU
		{FAB0847E-6D45-40C4-B5C8-30C592162DC9}.Release|Any CPU.ActiveCfg = Release|Any CPU
		{FAB0847E-6D45-40C4-B5C8-30C592162DC9}.Release|Any CPU.Build.0 = Release|Any CPU
		{A412B54A-E5D4-49D4-ADA9-6DBEF0FAE635}.Debug|Any CPU.ActiveCfg = Debug|Any CPU
		{A412B54A-E5D4-49D4-ADA9-6DBEF0FAE635}.Debug|Any CPU.Build.0 = Debug|Any CPU
		{A412B54A-E5D4-49D4-ADA9-6DBEF0FAE635}.Release|Any CPU.ActiveCfg = Release|Any CPU
		{A412B54A-E5D4-49D4-ADA9-6DBEF0FAE635}.Release|Any CPU.Build.0 = Release|Any CPU
	EndGlobalSection
	GlobalSection(SolutionProperties) = preSolution
		HideSolutionNode = FALSE
	EndGlobalSection
	GlobalSection(ExtensibilityGlobals) = postSolution
		SolutionGuid = {BA8078E7-30F1-4329-BD28-36A8A7D798CE}
	EndGlobalSection
EndGlobal
